
Microsoft Visual Studio Solution File, Format Version 12.00
# Visual Studio Version 17
VisualStudioVersion = 17.6.33815.320
MinimumVisualStudioVersion = 10.0.40219.1
Project("{9A19103F-16F7-4668-BE54-9A1E7A4F7556}") = "ACP.Api", "ACP.Api\ACP.Api.csproj", "{01750BFA-B973-44C5-87C4-6FFF36E06307}"
EndProject
Project("{9A19103F-16F7-4668-BE54-9A1E7A4F7556}") = "ACP.Domain", "ACP.Domain\ACP.Domain.csproj", "{18A64D1D-0962-4125-A043-9AEC0B51DBD7}"
EndProject
Project("{9A19103F-16F7-4668-BE54-9A1E7A4F7556}") = "ACP.Domain.Shared", "ACP.Domain.Shared\ACP.Domain.Shared.csproj", "{4D5F1B7D-3FC4-417A-8507-35863BA5A4EA}"
EndProject
Project("{9A19103F-16F7-4668-BE54-9A1E7A4F7556}") = "ACP.Application", "ACP.Application\ACP.Application.csproj", "{0FD8E80E-1EC4-45CC-B52E-E88D21B06343}"
EndProject
Project("{9A19103F-16F7-4668-BE54-9A1E7A4F7556}") = "ACP.Application.Contracts", "ACP.Application.Contracts\ACP.Application.Contracts.csproj", "{BD471AAF-5BFB-46B6-94D2-1DE2BB7FAEB4}"
EndProject
Project("{9A19103F-16F7-4668-BE54-9A1E7A4F7556}") = "ACP.Persistence", "ACP.Persistence\ACP.Persistence.csproj", "{EBDA1701-96AA-4211-8D77-A202E6964A53}"
EndProject
Project("{2150E333-8FDC-42A3-9474-1A3956D46DE8}") = "ACP.DDD", "ACP.DDD", "{BCC7CB6D-F88B-414D-9BC8-D9FFD40E4708}"
EndProject
Project("{FAE04EC0-301F-11D3-BF4B-00C04F79EFBC}") = "ACP.Auditing.Contracts", "ACP.Auditing.Contracts\ACP.Auditing.Contracts.csproj", "{81C60742-B848-4197-BD2A-E21CC021D74D}"
EndProject
Project("{FAE04EC0-301F-11D3-BF4B-00C04F79EFBC}") = "ACP.DependencyInjection", "ACP.DependencyInjection\ACP.DependencyInjection.csproj", "{E4451DED-3AD8-4C73-A511-3C81C80E0780}"
EndProject
Project("{FAE04EC0-301F-11D3-BF4B-00C04F79EFBC}") = "ACP.Results", "ACP.Results\ACP.Results.csproj", "{8DCB7D91-D8A9-4CA1-BD4B-1811959F3AD6}"
EndProject
Project("{FAE04EC0-301F-11D3-BF4B-00C04F79EFBC}") = "ACP.Infrastructure", "ACP.Infrastructure\ACP.Infrastructure.csproj", "{6B1A7DDA-AB00-4C18-B301-A94205F806EF}"
EndProject
Global
	GlobalSection(SolutionConfigurationPlatforms) = preSolution
		Debug|Any CPU = Debug|Any CPU
		Release|Any CPU = Release|Any CPU
	EndGlobalSection
	GlobalSection(ProjectConfigurationPlatforms) = postSolution
		{01750BFA-B973-44C5-87C4-6FFF36E06307}.Debug|Any CPU.ActiveCfg = Debug|Any CPU
		{01750BFA-B973-44C5-87C4-6FFF36E06307}.Debug|Any CPU.Build.0 = Debug|Any CPU
		{01750BFA-B973-44C5-87C4-6FFF36E06307}.Release|Any CPU.ActiveCfg = Release|Any CPU
		{01750BFA-B973-44C5-87C4-6FFF36E06307}.Release|Any CPU.Build.0 = Release|Any CPU
		{18A64D1D-0962-4125-A043-9AEC0B51DBD7}.Debug|Any CPU.ActiveCfg = Debug|Any CPU
		{18A64D1D-0962-4125-A043-9AEC0B51DBD7}.Debug|Any CPU.Build.0 = Debug|Any CPU
		{18A64D1D-0962-4125-A043-9AEC0B51DBD7}.Release|Any CPU.ActiveCfg = Release|Any CPU
		{18A64D1D-0962-4125-A043-9AEC0B51DBD7}.Release|Any CPU.Build.0 = Release|Any CPU
		{4D5F1B7D-3FC4-417A-8507-35863BA5A4EA}.Debug|Any CPU.ActiveCfg = Debug|Any CPU
		{4D5F1B7D-3FC4-417A-8507-35863BA5A4EA}.Debug|Any CPU.Build.0 = Debug|Any CPU
		{4D5F1B7D-3FC4-417A-8507-35863BA5A4EA}.Release|Any CPU.ActiveCfg = Release|Any CPU
		{4D5F1B7D-3FC4-417A-8507-35863BA5A4EA}.Release|Any CPU.Build.0 = Release|Any CPU
		{0FD8E80E-1EC4-45CC-B52E-E88D21B06343}.Debug|Any CPU.ActiveCfg = Debug|Any CPU
		{0FD8E80E-1EC4-45CC-B52E-E88D21B06343}.Debug|Any CPU.Build.0 = Debug|Any CPU
		{0FD8E80E-1EC4-45CC-B52E-E88D21B06343}.Release|Any CPU.ActiveCfg = Release|Any CPU
		{0FD8E80E-1EC4-45CC-B52E-E88D21B06343}.Release|Any CPU.Build.0 = Release|Any CPU
		{BD471AAF-5BFB-46B6-94D2-1DE2BB7FAEB4}.Debug|Any CPU.ActiveCfg = Debug|Any CPU
		{BD471AAF-5BFB-46B6-94D2-1DE2BB7FAEB4}.Debug|Any CPU.Build.0 = Debug|Any CPU
		{BD471AAF-5BFB-46B6-94D2-1DE2BB7FAEB4}.Release|Any CPU.ActiveCfg = Release|Any CPU
		{BD471AAF-5BFB-46B6-94D2-1DE2BB7FAEB4}.Release|Any CPU.Build.0 = Release|Any CPU
		{EBDA1701-96AA-4211-8D77-A202E6964A53}.Debug|Any CPU.ActiveCfg = Debug|Any CPU
		{EBDA1701-96AA-4211-8D77-A202E6964A53}.Debug|Any CPU.Build.0 = Debug|Any CPU
		{EBDA1701-96AA-4211-8D77-A202E6964A53}.Release|Any CPU.ActiveCfg = Release|Any CPU
		{EBDA1701-96AA-4211-8D77-A202E6964A53}.Release|Any CPU.Build.0 = Release|Any CPU
		{81C60742-B848-4197-BD2A-E21CC021D74D}.Debug|Any CPU.ActiveCfg = Debug|Any CPU
		{81C60742-B848-4197-BD2A-E21CC021D74D}.Debug|Any CPU.Build.0 = Debug|Any CPU
		{81C60742-B848-4197-BD2A-E21CC021D74D}.Release|Any CPU.ActiveCfg = Release|Any CPU
		{81C60742-B848-4197-BD2A-E21CC021D74D}.Release|Any CPU.Build.0 = Release|Any CPU
		{E4451DED-3AD8-4C73-A511-3C81C80E0780}.Debug|Any CPU.ActiveCfg = Debug|Any CPU
		{E4451DED-3AD8-4C73-A511-3C81C80E0780}.Debug|Any CPU.Build.0 = Debug|Any CPU
		{E4451DED-3AD8-4C73-A511-3C81C80E0780}.Release|Any CPU.ActiveCfg = Release|Any CPU
		{E4451DED-3AD8-4C73-A511-3C81C80E0780}.Release|Any CPU.Build.0 = Release|Any CPU
		{8DCB7D91-D8A9-4CA1-BD4B-1811959F3AD6}.Debug|Any CPU.ActiveCfg = Debug|Any CPU
		{8DCB7D91-D8A9-4CA1-BD4B-1811959F3AD6}.Debug|Any CPU.Build.0 = Debug|Any CPU
		{8DCB7D91-D8A9-4CA1-BD4B-1811959F3AD6}.Release|Any CPU.ActiveCfg = Release|Any CPU
		{8DCB7D91-D8A9-4CA1-BD4B-1811959F3AD6}.Release|Any CPU.Build.0 = Release|Any CPU
		{6B1A7DDA-AB00-4C18-B301-A94205F806EF}.Debug|Any CPU.ActiveCfg = Debug|Any CPU
		{6B1A7DDA-AB00-4C18-B301-A94205F806EF}.Debug|Any CPU.Build.0 = Debug|Any CPU
		{6B1A7DDA-AB00-4C18-B301-A94205F806EF}.Release|Any CPU.ActiveCfg = Release|Any CPU
		{6B1A7DDA-AB00-4C18-B301-A94205F806EF}.Release|Any CPU.Build.0 = Release|Any CPU
	EndGlobalSection
	GlobalSection(SolutionProperties) = preSolution
		HideSolutionNode = FALSE
	EndGlobalSection
	GlobalSection(ExtensibilityGlobals) = postSolution
		SolutionGuid = {5D4C5455-8DE7-448D-A5E1-9D8C63A0782E}
	EndGlobalSection
	GlobalSection(NestedProjects) = preSolution
		{81C60742-B848-4197-BD2A-E21CC021D74D} = {BCC7CB6D-F88B-414D-9BC8-D9FFD40E4708}
		{E4451DED-3AD8-4C73-A511-3C81C80E0780} = {BCC7CB6D-F88B-414D-9BC8-D9FFD40E4708}
		{8DCB7D91-D8A9-4CA1-BD4B-1811959F3AD6} = {BCC7CB6D-F88B-414D-9BC8-D9FFD40E4708}
	EndGlobalSection
EndGlobal
